
Microsoft Visual Studio Solution File, Format Version 12.00
# Visual Studio 14
VisualStudioVersion = 14.0.23107.0
MinimumVisualStudioVersion = 10.0.40219.1
Project("{FAE04EC0-301F-11D3-BF4B-00C04F79EFBC}") = "UnityInjector", "UnityInjector\UnityInjector.csproj", "{5EAD9ABD-1AB8-4FCE-8D28-F46D4B7F474E}"
EndProject
Project("{FAE04EC0-301F-11D3-BF4B-00C04F79EFBC}") = "UnityInjector.Patcher", "UnityInjector_Patcher\UnityInjector.Patcher.csproj", "{9D97F2C6-974D-4186-B7D6-C49CFCC7A372}"
EndProject
Global
	GlobalSection(SolutionConfigurationPlatforms) = preSolution
		Debug|Any CPU = Debug|Any CPU
		PCDeploy|Any CPU = PCDeploy|Any CPU
		Release|Any CPU = Release|Any CPU
		Studio|Any CPU = Studio|Any CPU
	EndGlobalSection
	GlobalSection(ProjectConfigurationPlatforms) = postSolution
		{5EAD9ABD-1AB8-4FCE-8D28-F46D4B7F474E}.Debug|Any CPU.ActiveCfg = Debug|Any CPU
		{5EAD9ABD-1AB8-4FCE-8D28-F46D4B7F474E}.Debug|Any CPU.Build.0 = Debug|Any CPU
		{5EAD9ABD-1AB8-4FCE-8D28-F46D4B7F474E}.PCDeploy|Any CPU.ActiveCfg = Release|Any CPU
		{5EAD9ABD-1AB8-4FCE-8D28-F46D4B7F474E}.PCDeploy|Any CPU.Build.0 = Release|Any CPU
		{5EAD9ABD-1AB8-4FCE-8D28-F46D4B7F474E}.Release|Any CPU.ActiveCfg = Release|Any CPU
		{5EAD9ABD-1AB8-4FCE-8D28-F46D4B7F474E}.Release|Any CPU.Build.0 = Release|Any CPU
		{5EAD9ABD-1AB8-4FCE-8D28-F46D4B7F474E}.Studio|Any CPU.ActiveCfg = Release|Any CPU
		{5EAD9ABD-1AB8-4FCE-8D28-F46D4B7F474E}.Studio|Any CPU.Build.0 = Release|Any CPU
		{9D97F2C6-974D-4186-B7D6-C49CFCC7A372}.Debug|Any CPU.ActiveCfg = Debug|Any CPU
		{9D97F2C6-974D-4186-B7D6-C49CFCC7A372}.Debug|Any CPU.Build.0 = Debug|Any CPU
		{9D97F2C6-974D-4186-B7D6-C49CFCC7A372}.PCDeploy|Any CPU.ActiveCfg = Release|Any CPU
		{9D97F2C6-974D-4186-B7D6-C49CFCC7A372}.PCDeploy|Any CPU.Build.0 = Release|Any CPU
		{9D97F2C6-974D-4186-B7D6-C49CFCC7A372}.Release|Any CPU.ActiveCfg = Release|Any CPU
		{9D97F2C6-974D-4186-B7D6-C49CFCC7A372}.Release|Any CPU.Build.0 = Release|Any CPU
		{9D97F2C6-974D-4186-B7D6-C49CFCC7A372}.Studio|Any CPU.ActiveCfg = Release|Any CPU
		{9D97F2C6-974D-4186-B7D6-C49CFCC7A372}.Studio|Any CPU.Build.0 = Release|Any CPU
	EndGlobalSection
	GlobalSection(SolutionProperties) = preSolution
		HideSolutionNode = FALSE
	EndGlobalSection
EndGlobal
